
Microsoft Visual Studio Solution File, Format Version 12.00
# Visual Studio Version 16
VisualStudioVersion = 16.0.31702.278
MinimumVisualStudioVersion = 10.0.40219.1
Project("{FAE04EC0-301F-11D3-BF4B-00C04F79EFBC}") = "HelpDesk.Client", "HelpDesk.Client\HelpDesk.Client.csproj", "{55154AA4-5411-42CB-B674-03A1A2763131}"
EndProject
Project("{FAE04EC0-301F-11D3-BF4B-00C04F79EFBC}") = "HelpDesk.Server", "HelpDesk.Server\HelpDesk.Server.csproj", "{F857EF12-4BB1-49C4-9CA8-878E7F23370C}"
EndProject
Global
	GlobalSection(SolutionConfigurationPlatforms) = preSolution
		Debug|Any CPU = Debug|Any CPU
		Release|Any CPU = Release|Any CPU
	EndGlobalSection
	GlobalSection(ProjectConfigurationPlatforms) = postSolution
		{55154AA4-5411-42CB-B674-03A1A2763131}.Debug|Any CPU.ActiveCfg = Debug|Any CPU
		{55154AA4-5411-42CB-B674-03A1A2763131}.Debug|Any CPU.Build.0 = Debug|Any CPU
		{55154AA4-5411-42CB-B674-03A1A2763131}.Release|Any CPU.ActiveCfg = Release|Any CPU
		{55154AA4-5411-42CB-B674-03A1A2763131}.Release|Any CPU.Build.0 = Release|Any CPU
		{F857EF12-4BB1-49C4-9CA8-878E7F23370C}.Debug|Any CPU.ActiveCfg = Debug|Any CPU
		{F857EF12-4BB1-49C4-9CA8-878E7F23370C}.Debug|Any CPU.Build.0 = Debug|Any CPU
		{F857EF12-4BB1-49C4-9CA8-878E7F23370C}.Release|Any CPU.ActiveCfg = Release|Any CPU
		{F857EF12-4BB1-49C4-9CA8-878E7F23370C}.Release|Any CPU.Build.0 = Release|Any CPU
	EndGlobalSection
	GlobalSection(SolutionProperties) = preSolution
		HideSolutionNode = FALSE
	EndGlobalSection
	GlobalSection(ExtensibilityGlobals) = postSolution
		SolutionGuid = {B1EC52D3-C0E6-406A-A42B-11FF3A94A549}
	EndGlobalSection
EndGlobal
